
Microsoft Visual Studio Solution File, Format Version 12.00
# Visual Studio Version 17
VisualStudioVersion = 17.0.32112.339
MinimumVisualStudioVersion = 10.0.40219.1
Project("{FAE04EC0-301F-11D3-BF4B-00C04F79EFBC}") = "Training.CQRS", "Training.CQRS\Training.CQRS.csproj", "{1362208E-961A-4DAA-AE85-DF6488C10161}"
EndProject
Global
	GlobalSection(SolutionConfigurationPlatforms) = preSolution
		Debug|Any CPU = Debug|Any CPU
		Release|Any CPU = Release|Any CPU
	EndGlobalSection
	GlobalSection(ProjectConfigurationPlatforms) = postSolution
		{1362208E-961A-4DAA-AE85-DF6488C10161}.Debug|Any CPU.ActiveCfg = Debug|Any CPU
		{1362208E-961A-4DAA-AE85-DF6488C10161}.Debug|Any CPU.Build.0 = Debug|Any CPU
		{1362208E-961A-4DAA-AE85-DF6488C10161}.Release|Any CPU.ActiveCfg = Release|Any CPU
		{1362208E-961A-4DAA-AE85-DF6488C10161}.Release|Any CPU.Build.0 = Release|Any CPU
	EndGlobalSection
	GlobalSection(SolutionProperties) = preSolution
		HideSolutionNode = FALSE
	EndGlobalSection
	GlobalSection(ExtensibilityGlobals) = postSolution
		SolutionGuid = {A9045A51-BC6C-4191-A1E9-547AB2483991}
	EndGlobalSection
EndGlobal
